
Microsoft Visual Studio Solution File, Format Version 12.00
# Visual Studio Version 17
VisualStudioVersion = 17.5.33424.131
MinimumVisualStudioVersion = 10.0.40219.1
Project("{FAE04EC0-301F-11D3-BF4B-00C04F79EFBC}") = "IndianStatesCensusAnalyser_Problem", "IndianStatesCensusAnalyser_Problem.csproj", "{CE6421A8-57EE-493E-890E-0F440359C234}"
EndProject
Project("{FAE04EC0-301F-11D3-BF4B-00C04F79EFBC}") = "IndianStatesCensusAnalyser_Test", "..\IndianStatesCensusAnalyser_Test\IndianStatesCensusAnalyser_Test.csproj", "{7DCE68D9-4D3F-4D29-96D9-0C5C72410EA3}"
EndProject
Global
	GlobalSection(SolutionConfigurationPlatforms) = preSolution
		Debug|Any CPU = Debug|Any CPU
		Release|Any CPU = Release|Any CPU
	EndGlobalSection
	GlobalSection(ProjectConfigurationPlatforms) = postSolution
		{CE6421A8-57EE-493E-890E-0F440359C234}.Debug|Any CPU.ActiveCfg = Debug|Any CPU
		{CE6421A8-57EE-493E-890E-0F440359C234}.Debug|Any CPU.Build.0 = Debug|Any CPU
		{CE6421A8-57EE-493E-890E-0F440359C234}.Release|Any CPU.ActiveCfg = Release|Any CPU
		{CE6421A8-57EE-493E-890E-0F440359C234}.Release|Any CPU.Build.0 = Release|Any CPU
		{7DCE68D9-4D3F-4D29-96D9-0C5C72410EA3}.Debug|Any CPU.ActiveCfg = Debug|Any CPU
		{7DCE68D9-4D3F-4D29-96D9-0C5C72410EA3}.Debug|Any CPU.Build.0 = Debug|Any CPU
		{7DCE68D9-4D3F-4D29-96D9-0C5C72410EA3}.Release|Any CPU.ActiveCfg = Release|Any CPU
		{7DCE68D9-4D3F-4D29-96D9-0C5C72410EA3}.Release|Any CPU.Build.0 = Release|Any CPU
	EndGlobalSection
	GlobalSection(SolutionProperties) = preSolution
		HideSolutionNode = FALSE
	EndGlobalSection
	GlobalSection(ExtensibilityGlobals) = postSolution
		SolutionGuid = {B92F8CEA-56FC-4E9B-ACC2-C497CAAA483F}
	EndGlobalSection
EndGlobal
